dependencies:
  LED:
    component_hash: d95a72b0035fb8cedaa973b98c4efab8d4dc51a097fac5976f35438ca96eecd1
    source:
      git: https://github.com/koson/LED_Test.git
      path: components/LED
      type: git
    version: 838c47debbba86b33b24f9ab9ec71d2c00a4bf48
  SEVENSEGMENT:
    component_hash: e457fae3e37f8bb5198170123e204bd96ec67c615a51519680ea06c4786fcb56
    source:
      git: https://github.com/koson/sevenseg_component.git
      path: components/SevenSegment
      type: git
    version: bf275a7ae1a7cbddb25533f0206cb9adf261097c
  idf:
    component_hash: null
    source:
      type: idf
    version: 4.4.7
manifest_hash: e994df5917be5d85d28bcf1da36034886d9899acff857ea21793ef5de5baa14d
target: esp32
version: 1.0.0
